{
  "name": "react-out-of-scope",
  "version": "1.0.0",
  "lockfileVersion": 3,
  "requires": true,
  "packages": {
    "": {
      "name": "react-out-of-scope",
      "version": "1.0.0",
      "dependencies": {
        "express": "4.21.2",
        "react": "18.2.0"
      }
    },
    "node_modules/react": {
      "version": "18.2.0"
    },
    "node_modules/express": {
      "version": "4.21.2"
    }
  }
}
