{
  "name": "pypi-out-of-ecosystem",
  "version": "1.0.0",
  "lockfileVersion": 3,
  "requires": true,
  "packages": {
    "": {
      "name": "pypi-out-of-ecosystem",
      "version": "1.0.0",
      "dependencies": {
        "express": "4.21.2"
      }
    },
    "node_modules/express": {
      "version": "4.21.2"
    }
  }
}
